// !$*UTF8*$!
{
	archiveVersion = 1;
	classes = {
	};
	objectVersion = 55;
	objects = {

/* Begin PBXBuildFile section */
		9620047D286CC7A500DA0A27 /* HomeModel.swift in Sources */ = {isa = PBXBuildFile; fileRef = 9620047C286CC7A500DA0A27 /* HomeModel.swift */; };
		96DA9EA0286B678000FBC872 /* AppDelegate.swift in Sources */ = {isa = PBXBuildFile; fileRef = 96DA9E9F286B678000FBC872 /* AppDelegate.swift */; };
		96DA9EA2286B678000FBC872 /* SceneDelegate.swift in Sources */ = {isa = PBXBuildFile; fileRef = 96DA9EA1286B678000FBC872 /* SceneDelegate.swift */; };
		96DA9EA4286B678000FBC872 /* ViewController.swift in Sources */ = {isa = PBXBuildFile; fileRef = 96DA9EA3286B678000FBC872 /* ViewController.swift */; };
		96DA9EA7286B678000FBC872 /* Main.storyboard in Resources */ = {isa = PBXBuildFile; fileRef = 96DA9EA5286B678000FBC872 /* Main.storyboard */; };
		96DA9EAA286B678000FBC872 /* JokenPoViewCode.xcdatamodeld in Sources */ = {isa = PBXBuildFile; fileRef = 96DA9EA8286B678000FBC872 /* JokenPoViewCode.xcdatamodeld */; };
		96DA9EAC286B678000FBC872 /* Assets.xcassets in Resources */ = {isa = PBXBuildFile; fileRef = 96DA9EAB286B678000FBC872 /* Assets.xcassets */; };
		96DA9EAF286B678000FBC872 /* LaunchScreen.storyboard in Resources */ = {isa = PBXBuildFile; fileRef = 96DA9EAD286B678000FBC872 /* LaunchScreen.storyboard */; };
		96DA9EBB286B69A400FBC872 /* HomeController.swift in Sources */ = {isa = PBXBuildFile; fileRef = 96DA9EBA286B69A400FBC872 /* HomeController.swift */; };
		96DA9EBD286B69DD00FBC872 /* HomeView.swift in Sources */ = {isa = PBXBuildFile; fileRef = 96DA9EBC286B69DD00FBC872 /* HomeView.swift */; };
/* End PBXBuildFile section */

/* Begin PBXFileReference section */
		9620047C286CC7A500DA0A27 /* HomeModel.swift */ = {isa = PBXFileReference; lastKnownFileType = sourcecode.swift; path = HomeModel.swift; sourceTree = "<group>"; };
		96DA9E9C286B678000FBC872 /* JokenPoViewCode.app */ = {isa = PBXFileReference; explicitFileType = wrapper.application; includeInIndex = 0; path = JokenPoViewCode.app; sourceTree = BUILT_PRODUCTS_DIR; };
		96DA9E9F286B678000FBC872 /* AppDelegate.swift */ = {isa = PBXFileReference; lastKnownFileType = sourcecode.swift; path = AppDelegate.swift; sourceTree = "<group>"; };
		96DA9EA1286B678000FBC872 /* SceneDelegate.swift */ = {isa = PBXFileReference; lastKnownFileType = sourcecode.swift; path = SceneDelegate.swift; sourceTree = "<group>"; };
		96DA9EA3286B678000FBC872 /* ViewController.swift */ = {isa = PBXFileReference; lastKnownFileType = sourcecode.swift; path = ViewController.swift; sourceTree = "<group>"; };
		96DA9EA6286B678000FBC872 /* Base */ = {isa = PBXFileReference; lastKnownFileType = file.storyboard; name = Base; path = Base.lproj/Main.storyboard; sourceTree = "<group>"; };
		96DA9EA9286B678000FBC872 /* JokenPoViewCode.xcdatamodel */ = {isa = PBXFileReference; lastKnownFileType = wrapper.xcdatamodel; path = JokenPoViewCode.xcdatamodel; sourceTree = "<group>"; };
		96DA9EAB286B678000FBC872 /* Assets.xcassets */ = {isa = PBXFileReference; lastKnownFileType = folder.assetcatalog; path = Assets.xcassets; sourceTree = "<group>"; };
		96DA9EAE286B678000FBC872 /* Base */ = {isa = PBXFileReference; lastKnownFileType = file.storyboard; name = Base; path = Base.lproj/LaunchScreen.storyboard; sourceTree = "<group>"; };
		96DA9EB0286B678000FBC872 /* Info.plist */ = {isa = PBXFileReference; lastKnownFileType = text.plist.xml; path = Info.plist; sourceTree = "<group>"; };
		96DA9EBA286B69A400FBC872 /* HomeController.swift */ = {isa = PBXFileReference; lastKnownFileType = sourcecode.swift; path = HomeController.swift; sourceTree = "<group>"; };
		96DA9EBC286B69DD00FBC872 /* HomeView.swift */ = {isa = PBXFileReference; lastKnownFileType = sourcecode.swift; path = HomeView.swift; sourceTree = "<group>"; };
/* End PBXFileReference section */

/* Begin PBXFrameworksBuildPhase section */
		96DA9E99286B678000FBC872 /* Frameworks */ = {
			isa = PBXFrameworksBuildPhase;
			buildActionMask = 2147483647;
			files = (
			);
			runOnlyForDeploymentPostprocessing = 0;
		};
/* End PBXFrameworksBuildPhase section */

/* Begin PBXGroup section */
		96DA9E93286B678000FBC872 = {
			isa = PBXGroup;
			children = (
				96DA9E9E286B678000FBC872 /* JokenPoViewCode */,
				96DA9E9D286B678000FBC872 /* Products */,
			);
			sourceTree = "<group>";
		};
		96DA9E9D286B678000FBC872 /* Products */ = {
			isa = PBXGroup;
			children = (
				96DA9E9C286B678000FBC872 /* JokenPoViewCode.app */,
			);
			name = Products;
			sourceTree = "<group>";
		};
		96DA9E9E286B678000FBC872 /* JokenPoViewCode */ = {
			isa = PBXGroup;
			children = (
				96DA9EB6286B67EE00FBC872 /* Home */,
				96DA9EBF286B6C7D00FBC872 /* Resources */,
				96DA9EBE286B6C3E00FBC872 /* Aplication */,
				96DA9EA3286B678000FBC872 /* ViewController.swift */,
				96DA9EA5286B678000FBC872 /* Main.storyboard */,
				96DA9EB0286B678000FBC872 /* Info.plist */,
				96DA9EA8286B678000FBC872 /* JokenPoViewCode.xcdatamodeld */,
			);
			path = JokenPoViewCode;
			sourceTree = "<group>";
		};
		96DA9EB6286B67EE00FBC872 /* Home */ = {
			isa = PBXGroup;
			children = (
				96DA9EB9286B682100FBC872 /* Controller */,
				96DA9EB8286B681500FBC872 /* Model */,
				96DA9EB7286B680100FBC872 /* View */,
			);
			path = Home;
			sourceTree = "<group>";
		};
		96DA9EB7286B680100FBC872 /* View */ = {
			isa = PBXGroup;
			children = (
				96DA9EBC286B69DD00FBC872 /* HomeView.swift */,
			);
			path = View;
			sourceTree = "<group>";
		};
		96DA9EB8286B681500FBC872 /* Model */ = {
			isa = PBXGroup;
			children = (
				9620047C286CC7A500DA0A27 /* HomeModel.swift */,
			);
			path = Model;
			sourceTree = "<group>";
		};
		96DA9EB9286B682100FBC872 /* Controller */ = {
			isa = PBXGroup;
			children = (
				96DA9EBA286B69A400FBC872 /* HomeController.swift */,
			);
			path = Controller;
			sourceTree = "<group>";
		};
		96DA9EBE286B6C3E00FBC872 /* Aplication */ = {
			isa = PBXGroup;
			children = (
				96DA9EAD286B678000FBC872 /* LaunchScreen.storyboard */,
				96DA9EA1286B678000FBC872 /* SceneDelegate.swift */,
				96DA9E9F286B678000FBC872 /* AppDelegate.swift */,
			);
			path = Aplication;
			sourceTree = "<group>";
		};
		96DA9EBF286B6C7D00FBC872 /* Resources */ = {
			isa = PBXGroup;
			children = (
				96DA9EAB286B678000FBC872 /* Assets.xcassets */,
			);
			path = Resources;
			sourceTree = "<group>";
		};
/* End PBXGroup section */

/* Begin PBXNativeTarget section */
		96DA9E9B286B678000FBC872 /* JokenPoViewCode */ = {
			isa = PBXNativeTarget;
			buildConfigurationList = 96DA9EB3286B678000FBC872 /* Build configuration list for PBXNativeTarget "JokenPoViewCode" */;
			buildPhases = (
				96DA9E98286B678000FBC872 /* Sources */,
				96DA9E99286B678000FBC872 /* Frameworks */,
				96DA9E9A286B678000FBC872 /* Resources */,
			);
			buildRules = (
			);
			dependencies = (
			);
			name = JokenPoViewCode;
			productName = JokenPoViewCode;
			productReference = 96DA9E9C286B678000FBC872 /* JokenPoViewCode.app */;
			productType = "com.apple.product-type.application";
		};
/* End PBXNativeTarget section */

/* Begin PBXProject section */
		96DA9E94286B678000FBC872 /* Project object */ = {
			isa = PBXProject;
			attributes = {
				BuildIndependentTargetsInParallel = 1;
				LastSwiftUpdateCheck = 1340;
				LastUpgradeCheck = 1340;
				TargetAttributes = {
					96DA9E9B286B678000FBC872 = {
						CreatedOnToolsVersion = 13.4.1;
					};
				};
			};
			buildConfigurationList = 96DA9E97286B678000FBC872 /* Build configuration list for PBXProject "JokenPoViewCode" */;
			compatibilityVersion = "Xcode 13.0";
			developmentRegion = en;
			hasScannedForEncodings = 0;
			knownRegions = (
				en,
				Base,
			);
			mainGroup = 96DA9E93286B678000FBC872;
			productRefGroup = 96DA9E9D286B678000FBC872 /* Products */;
			projectDirPath = "";
			projectRoot = "";
			targets = (
				96DA9E9B286B678000FBC872 /* JokenPoViewCode */,
			);
		};
/* End PBXProject section */

/* Begin PBXResourcesBuildPhase section */
		96DA9E9A286B678000FBC872 /* Resources */ = {
			isa = PBXResourcesBuildPhase;
			buildActionMask = 2147483647;
			files = (
				96DA9EAF286B678000FBC872 /* LaunchScreen.storyboard in Resources */,
				96DA9EAC286B678000FBC872 /* Assets.xcassets in Resources */,
				96DA9EA7286B678000FBC872 /* Main.storyboard in Resources */,
			);
			runOnlyForDeploymentPostprocessing = 0;
		};
/* End PBXResourcesBuildPhase section */

/* Begin PBXSourcesBuildPhase section */
		96DA9E98286B678000FBC872 /* Sources */ = {
			isa = PBXSourcesBuildPhase;
			buildActionMask = 2147483647;
			files = (
				96DA9EAA286B678000FBC872 /* JokenPoViewCode.xcdatamodeld in Sources */,
				96DA9EA4286B678000FBC872 /* ViewController.swift in Sources */,
				96DA9EA0286B678000FBC872 /* AppDelegate.swift in Sources */,
				9620047D286CC7A500DA0A27 /* HomeModel.swift in Sources */,
				96DA9EBD286B69DD00FBC872 /* HomeView.swift in Sources */,
				96DA9EA2286B678000FBC872 /* SceneDelegate.swift in Sources */,
				96DA9EBB286B69A400FBC872 /* HomeController.swift in Sources */,
			);
			runOnlyForDeploymentPostprocessing = 0;
		};
/* End PBXSourcesBuildPhase section */

/* Begin PBXVariantGroup section */
		96DA9EA5286B678000FBC872 /* Main.storyboard */ = {
			isa = PBXVariantGroup;
			children = (
				96DA9EA6286B678000FBC872 /* Base */,
			);
			name = Main.storyboard;
			sourceTree = "<group>";
		};
		96DA9EAD286B678000FBC872 /* LaunchScreen.storyboard */ = {
			isa = PBXVariantGroup;
			children = (
				96DA9EAE286B678000FBC872 /* Base */,
			);
			name = LaunchScreen.storyboard;
			sourceTree = "<group>";
		};
/* End PBXVariantGroup section */

/* Begin XCBuildConfiguration section */
		96DA9EB1286B678000FBC872 /* Debug */ = {
			isa = XCBuildConfiguration;
			buildSettings = {
				ALWAYS_SEARCH_USER_PATHS = NO;
				CLANG_ANALYZER_NONNULL = YES;
				CLANG_ANALYZER_NUMBER_OBJECT_CONVERSION = YES_AGGRESSIVE;
				CLANG_CXX_LANGUAGE_STANDARD = "gnu++17";
				CLANG_ENABLE_MODULES = YES;
				CLANG_ENABLE_OBJC_ARC = YES;
				CLANG_ENABLE_OBJC_WEAK = YES;
				CLANG_WARN_BLOCK_CAPTURE_AUTORELEASING = YES;
				CLANG_WARN_BOOL_CONVERSION = YES;
				CLANG_WARN_COMMA = YES;
				CLANG_WARN_CONSTANT_CONVERSION = YES;
				CLANG_WARN_DEPRECATED_OBJC_IMPLEMENTATIONS = YES;
				CLANG_WARN_DIRECT_OBJC_ISA_USAGE = YES_ERROR;
				CLANG_WARN_DOCUMENTATION_COMMENTS = YES;
				CLANG_WARN_EMPTY_BODY = YES;
				CLANG_WARN_ENUM_CONVERSION = YES;
				CLANG_WARN_INFINITE_RECURSION = YES;
				CLANG_WARN_INT_CONVERSION = YES;
				CLANG_WARN_NON_LITERAL_NULL_CONVERSION = YES;
				CLANG_WARN_OBJC_IMPLICIT_RETAIN_SELF = YES;
				CLANG_WARN_OBJC_LITERAL_CONVERSION = YES;
				CLANG_WARN_OBJC_ROOT_CLASS = YES_ERROR;
				CLANG_WARN_QUOTED_INCLUDE_IN_FRAMEWORK_HEADER = YES;
				CLANG_WARN_RANGE_LOOP_ANALYSIS = YES;
				CLANG_WARN_STRICT_PROTOTYPES = YES;
				CLANG_WARN_SUSPICIOUS_MOVE = YES;
				CLANG_WARN_UNGUARDED_AVAILABILITY = YES_AGGRESSIVE;
				CLANG_WARN_UNREACHABLE_CODE = YES;
				CLANG_WARN__DUPLICATE_METHOD_MATCH = YES;
				COPY_PHASE_STRIP = NO;
				DEBUG_INFORMATION_FORMAT = dwarf;
				ENABLE_STRICT_OBJC_MSGSEND = YES;
				ENABLE_TESTABILITY = YES;
				GCC_C_LANGUAGE_STANDARD = gnu11;
				GCC_DYNAMIC_NO_PIC = NO;
				GCC_NO_COMMON_BLOCKS = YES;
				GCC_OPTIMIZATION_LEVEL = 0;
				GCC_PREPROCESSOR_DEFINITIONS = (
					"DEBUG=1",
					"$(inherited)",
				);
				GCC_WARN_64_TO_32_BIT_CONVERSION = YES;
				GCC_WARN_ABOUT_RETURN_TYPE = YES_ERROR;
				GCC_WARN_UNDECLARED_SELECTOR = YES;
				GCC_WARN_UNINITIALIZED_AUTOS = YES_AGGRESSIVE;
				GCC_WARN_UNUSED_FUNCTION = YES;
				GCC_WARN_UNUSED_VARIABLE = YES;
				IPHONEOS_DEPLOYMENT_TARGET = 15.5;
				MTL_ENABLE_DEBUG_INFO = INCLUDE_SOURCE;
				MTL_FAST_MATH = YES;
				ONLY_ACTIVE_ARCH = YES;
				SDKROOT = iphoneos;
				SWIFT_ACTIVE_COMPILATION_CONDITIONS = DEBUG;
				SWIFT_OPTIMIZATION_LEVEL = "-Onone";
			};
			name = Debug;
		};
		96DA9EB2286B678000FBC872 /* Release */ = {
			isa = XCBuildConfiguration;
			buildSettings = {
				ALWAYS_SEARCH_USER_PATHS = NO;
				CLANG_ANALYZER_NONNULL = YES;
				CLANG_ANALYZER_NUMBER_OBJECT_CONVERSION = YES_AGGRESSIVE;
				CLANG_CXX_LANGUAGE_STANDARD = "gnu++17";
				CLANG_ENABLE_MODULES = YES;
				CLANG_ENABLE_OBJC_ARC = YES;
				CLANG_ENABLE_OBJC_WEAK = YES;
				CLANG_WARN_BLOCK_CAPTURE_AUTORELEASING = YES;
				CLANG_WARN_BOOL_CONVERSION = YES;
				CLANG_WARN_COMMA = YES;
				CLANG_WARN_CONSTANT_CONVERSION = YES;
				CLANG_WARN_DEPRECATED_OBJC_IMPLEMENTATIONS = YES;
				CLANG_WARN_DIRECT_OBJC_ISA_USAGE = YES_ERROR;
				CLANG_WARN_DOCUMENTATION_COMMENTS = YES;
				CLANG_WARN_EMPTY_BODY = YES;
				CLANG_WARN_ENUM_CONVERSION = YES;
				CLANG_WARN_INFINITE_RECURSION = YES;
				CLANG_WARN_INT_CONVERSION = YES;
				CLANG_WARN_NON_LITERAL_NULL_CONVERSION = YES;
				CLANG_WARN_OBJC_IMPLICIT_RETAIN_SELF = YES;
				CLANG_WARN_OBJC_LITERAL_CONVERSION = YES;
				CLANG_WARN_OBJC_ROOT_CLASS = YES_ERROR;
				CLANG_WARN_QUOTED_INCLUDE_IN_FRAMEWORK_HEADER = YES;
				CLANG_WARN_RANGE_LOOP_ANALYSIS = YES;
				CLANG_WARN_STRICT_PROTOTYPES = YES;
				CLANG_WARN_SUSPICIOUS_MOVE = YES;
				CLANG_WARN_UNGUARDED_AVAILABILITY = YES_AGGRESSIVE;
				CLANG_WARN_UNREACHABLE_CODE = YES;
				CLANG_WARN__DUPLICATE_METHOD_MATCH = YES;
				COPY_PHASE_STRIP = NO;
				DEBUG_INFORMATION_FORMAT = "dwarf-with-dsym";
				ENABLE_NS_ASSERTIONS = NO;
				ENABLE_STRICT_OBJC_MSGSEND = YES;
				GCC_C_LANGUAGE_STANDARD = gnu11;
				GCC_NO_COMMON_BLOCKS = YES;
				GCC_WARN_64_TO_32_BIT_CONVERSION = YES;
				GCC_WARN_ABOUT_RETURN_TYPE = YES_ERROR;
				GCC_WARN_UNDECLARED_SELECTOR = YES;
				GCC_WARN_UNINITIALIZED_AUTOS = YES_AGGRESSIVE;
				GCC_WARN_UNUSED_FUNCTION = YES;
				GCC_WARN_UNUSED_VARIABLE = YES;
				IPHONEOS_DEPLOYMENT_TARGET = 15.5;
				MTL_ENABLE_DEBUG_INFO = NO;
				MTL_FAST_MATH = YES;
				SDKROOT = iphoneos;
				SWIFT_COMPILATION_MODE = wholemodule;
				SWIFT_OPTIMIZATION_LEVEL = "-O";
				VALIDATE_PRODUCT = YES;
			};
			name = Release;
		};
		96DA9EB4286B678000FBC872 /* Debug */ = {
			isa = XCBuildConfiguration;
			buildSettings = {
				ASSETCATALOG_COMPILER_APPICON_NAME = AppIcon;
				ASSETCATALOG_COMPILER_GLOBAL_ACCENT_COLOR_NAME = AccentColor;
				CODE_SIGN_STYLE = Automatic;
				CURRENT_PROJECT_VERSION = 1;
				DEVELOPMENT_TEAM = QC4FLPS34N;
				GENERATE_INFOPLIST_FILE = YES;
				INFOPLIST_FILE = JokenPoViewCode/Info.plist;
				INFOPLIST_KEY_UIApplicationSupportsIndirectInputEvents = YES;
				INFOPLIST_KEY_UILaunchStoryboardName = LaunchScreen;
				INFOPLIST_KEY_UISupportedInterfaceOrientations_iPad = "UIInterfaceOrientationPortrait UIInterfaceOrientationPortraitUpsideDown UIInterfaceOrientationLandscapeLeft UIInterfaceOrientationLandscapeRight";
				INFOPLIST_KEY_UISupportedInterfaceOrientations_iPhone = "UIInterfaceOrientationPortrait UIInterfaceOrientationLandscapeLeft UIInterfaceOrientationLandscapeRight";
				LD_RUNPATH_SEARCH_PATHS = (
					"$(inherited)",
					"@executable_path/Frameworks",
				);
				MARKETING_VERSION = 1.0;
				PRODUCT_BUNDLE_IDENTIFIER = Apps.JokenPoViewCode;
				PRODUCT_NAME = "$(TARGET_NAME)";
				SWIFT_EMIT_LOC_STRINGS = YES;
				SWIFT_VERSION = 5.0;
				TARGETED_DEVICE_FAMILY = 1;
			};
			name = Debug;
		};
		96DA9EB5286B678000FBC872 /* Release */ = {
			isa = XCBuildConfiguration;
			buildSettings = {
				ASSETCATALOG_COMPILER_APPICON_NAME = AppIcon;
				ASSETCATALOG_COMPILER_GLOBAL_ACCENT_COLOR_NAME = AccentColor;
				CODE_SIGN_STYLE = Automatic;
				CURRENT_PROJECT_VERSION = 1;
				DEVELOPMENT_TEAM = QC4FLPS34N;
				GENERATE_INFOPLIST_FILE = YES;
				INFOPLIST_FILE = JokenPoViewCode/Info.plist;
				INFOPLIST_KEY_UIApplicationSupportsIndirectInputEvents = YES;
				INFOPLIST_KEY_UILaunchStoryboardName = LaunchScreen;
				INFOPLIST_KEY_UISupportedInterfaceOrientations_iPad = "UIInterfaceOrientationPortrait UIInterfaceOrientationPortraitUpsideDown UIInterfaceOrientationLandscapeLeft UIInterfaceOrientationLandscapeRight";
				INFOPLIST_KEY_UISupportedInterfaceOrientations_iPhone = "UIInterfaceOrientationPortrait UIInterfaceOrientationLandscapeLeft UIInterfaceOrientationLandscapeRight";
				LD_RUNPATH_SEARCH_PATHS = (
					"$(inherited)",
					"@executable_path/Frameworks",
				);
				MARKETING_VERSION = 1.0;
				PRODUCT_BUNDLE_IDENTIFIER = Apps.JokenPoViewCode;
				PRODUCT_NAME = "$(TARGET_NAME)";
				SWIFT_EMIT_LOC_STRINGS = YES;
				SWIFT_VERSION = 5.0;
				TARGETED_DEVICE_FAMILY = 1;
			};
			name = Release;
		};
/* End XCBuildConfiguration section */

/* Begin XCConfigurationList section */
		96DA9E97286B678000FBC872 /* Build configuration list for PBXProject "JokenPoViewCode" */ = {
			isa = XCConfigurationList;
			buildConfigurations = (
				96DA9EB1286B678000FBC872 /* Debug */,
				96DA9EB2286B678000FBC872 /* Release */,
			);
			defaultConfigurationIsVisible = 0;
			defaultConfigurationName = Release;
		};
		96DA9EB3286B678000FBC872 /* Build configuration list for PBXNativeTarget "JokenPoViewCode" */ = {
			isa = XCConfigurationList;
			buildConfigurations = (
				96DA9EB4286B678000FBC872 /* Debug */,
				96DA9EB5286B678000FBC872 /* Release */,
			);
			defaultConfigurationIsVisible = 0;
			defaultConfigurationName = Release;
		};
/* End XCConfigurationList section */

/* Begin XCVersionGroup section */
		96DA9EA8286B678000FBC872 /* JokenPoViewCode.xcdatamodeld */ = {
			isa = XCVersionGroup;
			children = (
				96DA9EA9286B678000FBC872 /* JokenPoViewCode.xcdatamodel */,
			);
			currentVersion = 96DA9EA9286B678000FBC872 /* JokenPoViewCode.xcdatamodel */;
			path = JokenPoViewCode.xcdatamodeld;
			sourceTree = "<group>";
			versionGroupType = wrapper.xcdatamodel;
		};
/* End XCVersionGroup section */
	};
	rootObject = 96DA9E94286B678000FBC872 /* Project object */;
}
